
Microsoft Visual Studio Solution File, Format Version 12.00
# Visual Studio Version 16
VisualStudioVersion = 16.0.34114.132
MinimumVisualStudioVersion = 10.0.40219.1
Project("{FAE04EC0-301F-11D3-BF4B-00C04F79EFBC}") = "Ecommerce", "Ecommerce\Ecommerce.csproj", "{6C5BE4FC-60F1-4BD8-A73C-93FDB10B53FB}"
EndProject
Project("{2150E333-8FDC-42A3-9474-1A3956D46DE8}") = "Solution Items", "Solution Items", "{FE88E3DB-656F-4723-8A7C-E45D07173486}"
	ProjectSection(SolutionItems) = preProject
		.editorconfig = .editorconfig
	EndProjectSection
EndProject
Global
	GlobalSection(SolutionConfigurationPlatforms) = preSolution
		Debug|Any CPU = Debug|Any CPU
		Release|Any CPU = Release|Any CPU
	EndGlobalSection
	GlobalSection(ProjectConfigurationPlatforms) = postSolution
		{6C5BE4FC-60F1-4BD8-A73C-93FDB10B53FB}.Debug|Any CPU.ActiveCfg = Debug|Any CPU
		{6C5BE4FC-60F1-4BD8-A73C-93FDB10B53FB}.Debug|Any CPU.Build.0 = Debug|Any CPU
		{6C5BE4FC-60F1-4BD8-A73C-93FDB10B53FB}.Release|Any CPU.ActiveCfg = Release|Any CPU
		{6C5BE4FC-60F1-4BD8-A73C-93FDB10B53FB}.Release|Any CPU.Build.0 = Release|Any CPU
	EndGlobalSection
	GlobalSection(SolutionProperties) = preSolution
		HideSolutionNode = FALSE
	EndGlobalSection
	GlobalSection(ExtensibilityGlobals) = postSolution
		SolutionGuid = {7375B041-6F5E-4D46-B1F3-FB721B90744A}
	EndGlobalSection
EndGlobal
